
Microsoft Visual Studio Solution File, Format Version 12.00
# Visual Studio Version 17
VisualStudioVersion = 17.7.34202.233
MinimumVisualStudioVersion = 10.0.40219.1
Project("{9A19103F-16F7-4668-BE54-9A1E7A4F7556}") = "ProyectoFinal.Api", "ProyectoFinal.Api\ProyectoFinal.Api.csproj", "{9F4D578B-29B1-4326-AA8A-CBC4B7EE0AA2}"
EndProject
Project("{FAE04EC0-301F-11D3-BF4B-00C04F79EFBC}") = "ProyectoFinal.App", "ProyectoFinal.App\ProyectoFinal.App.csproj", "{489EDB64-E528-4A1D-9B48-D353BBAC9952}"
EndProject
Project("{FAE04EC0-301F-11D3-BF4B-00C04F79EFBC}") = "ProyectoFinal.Data", "ProyectoFinal.Data\ProyectoFinal.Data.csproj", "{990A796C-1DEA-4A6A-A8F6-8DE6E7745BDC}"
EndProject
Project("{FAE04EC0-301F-11D3-BF4B-00C04F79EFBC}") = "ProyectoFinal.Entities", "ProyectoFinal.Entities\ProyectoFinal.Entities.csproj", "{DD7F3D0A-7CF2-4397-A78A-C1C09F23A2E0}"
EndProject
Global
	GlobalSection(SolutionConfigurationPlatforms) = preSolution
		Debug|Any CPU = Debug|Any CPU
		Release|Any CPU = Release|Any CPU
	EndGlobalSection
	GlobalSection(ProjectConfigurationPlatforms) = postSolution
		{9F4D578B-29B1-4326-AA8A-CBC4B7EE0AA2}.Debug|Any CPU.ActiveCfg = Debug|Any CPU
		{9F4D578B-29B1-4326-AA8A-CBC4B7EE0AA2}.Debug|Any CPU.Build.0 = Debug|Any CPU
		{9F4D578B-29B1-4326-AA8A-CBC4B7EE0AA2}.Release|Any CPU.ActiveCfg = Release|Any CPU
		{9F4D578B-29B1-4326-AA8A-CBC4B7EE0AA2}.Release|Any CPU.Build.0 = Release|Any CPU
		{489EDB64-E528-4A1D-9B48-D353BBAC9952}.Debug|Any CPU.ActiveCfg = Debug|Any CPU
		{489EDB64-E528-4A1D-9B48-D353BBAC9952}.Debug|Any CPU.Build.0 = Debug|Any CPU
		{489EDB64-E528-4A1D-9B48-D353BBAC9952}.Debug|Any CPU.Deploy.0 = Debug|Any CPU
		{489EDB64-E528-4A1D-9B48-D353BBAC9952}.Release|Any CPU.ActiveCfg = Release|Any CPU
		{489EDB64-E528-4A1D-9B48-D353BBAC9952}.Release|Any CPU.Build.0 = Release|Any CPU
		{489EDB64-E528-4A1D-9B48-D353BBAC9952}.Release|Any CPU.Deploy.0 = Release|Any CPU
		{990A796C-1DEA-4A6A-A8F6-8DE6E7745BDC}.Debug|Any CPU.ActiveCfg = Debug|Any CPU
		{990A796C-1DEA-4A6A-A8F6-8DE6E7745BDC}.Debug|Any CPU.Build.0 = Debug|Any CPU
		{990A796C-1DEA-4A6A-A8F6-8DE6E7745BDC}.Release|Any CPU.ActiveCfg = Release|Any CPU
		{990A796C-1DEA-4A6A-A8F6-8DE6E7745BDC}.Release|Any CPU.Build.0 = Release|Any CPU
		{DD7F3D0A-7CF2-4397-A78A-C1C09F23A2E0}.Debug|Any CPU.ActiveCfg = Debug|Any CPU
		{DD7F3D0A-7CF2-4397-A78A-C1C09F23A2E0}.Debug|Any CPU.Build.0 = Debug|Any CPU
		{DD7F3D0A-7CF2-4397-A78A-C1C09F23A2E0}.Release|Any CPU.ActiveCfg = Release|Any CPU
		{DD7F3D0A-7CF2-4397-A78A-C1C09F23A2E0}.Release|Any CPU.Build.0 = Release|Any CPU
	EndGlobalSection
	GlobalSection(SolutionProperties) = preSolution
		HideSolutionNode = FALSE
	EndGlobalSection
	GlobalSection(ExtensibilityGlobals) = postSolution
		SolutionGuid = {32FBE417-7E8A-4BBB-8260-422B3B7C60E3}
	EndGlobalSection
EndGlobal
